
Microsoft Visual Studio Solution File, Format Version 12.00
# Visual Studio Version 17
VisualStudioVersion = 17.8.34309.116
MinimumVisualStudioVersion = 10.0.40219.1
Project("{FAE04EC0-301F-11D3-BF4B-00C04F79EFBC}") = "LinkTo.Toolkit", "LinkTo.Toolkit\LinkTo.Toolkit.csproj", "{425106F9-08F1-40EC-85F8-F4C86753F4A4}"
EndProject
Project("{2150E333-8FDC-42A3-9474-1A3956D46DE8}") = "Z_MarkDown", "Z_MarkDown", "{437369FE-A421-420C-AB15-DB68C7487BE9}"
	ProjectSection(SolutionItems) = preProject
		Z_MarkDown\image-1.png = Z_MarkDown\image-1.png
		Z_MarkDown\image-2.png = Z_MarkDown\image-2.png
		Z_MarkDown\image.png = Z_MarkDown\image.png
		Z_MarkDown\ZZ_05_WinForm通用自动更新器.md = Z_MarkDown\ZZ_05_WinForm通用自动更新器.md
	EndProjectSection
EndProject
Project("{FAE04EC0-301F-11D3-BF4B-00C04F79EFBC}") = "AutoUpdaterTest", "AutoUpdaterTest\AutoUpdaterTest.csproj", "{6492D19F-DDE6-4B25-8B35-AFCC14DDC619}"
EndProject
Project("{FAE04EC0-301F-11D3-BF4B-00C04F79EFBC}") = "AutoUpdater", "AutoUpdater\AutoUpdater.csproj", "{7DF91E8F-7B37-4AF1-AAE2-84A5DE506B2A}"
EndProject
Project("{FAE04EC0-301F-11D3-BF4B-00C04F79EFBC}") = "AutoUpdateXmlBuilder", "AutoUpdateXmlBuilder\AutoUpdateXmlBuilder.csproj", "{C0DC4B9A-BA0F-4D34-AF1B-66F1F5F88BB5}"
EndProject
Global
	GlobalSection(SolutionConfigurationPlatforms) = preSolution
		Debug|Any CPU = Debug|Any CPU
		Release|Any CPU = Release|Any CPU
	EndGlobalSection
	GlobalSection(ProjectConfigurationPlatforms) = postSolution
		{425106F9-08F1-40EC-85F8-F4C86753F4A4}.Debug|Any CPU.ActiveCfg = Debug|Any CPU
		{425106F9-08F1-40EC-85F8-F4C86753F4A4}.Debug|Any CPU.Build.0 = Debug|Any CPU
		{425106F9-08F1-40EC-85F8-F4C86753F4A4}.Release|Any CPU.ActiveCfg = Release|Any CPU
		{425106F9-08F1-40EC-85F8-F4C86753F4A4}.Release|Any CPU.Build.0 = Release|Any CPU
		{6492D19F-DDE6-4B25-8B35-AFCC14DDC619}.Debug|Any CPU.ActiveCfg = Debug|Any CPU
		{6492D19F-DDE6-4B25-8B35-AFCC14DDC619}.Debug|Any CPU.Build.0 = Debug|Any CPU
		{6492D19F-DDE6-4B25-8B35-AFCC14DDC619}.Release|Any CPU.ActiveCfg = Release|Any CPU
		{6492D19F-DDE6-4B25-8B35-AFCC14DDC619}.Release|Any CPU.Build.0 = Release|Any CPU
		{7DF91E8F-7B37-4AF1-AAE2-84A5DE506B2A}.Debug|Any CPU.ActiveCfg = Debug|Any CPU
		{7DF91E8F-7B37-4AF1-AAE2-84A5DE506B2A}.Debug|Any CPU.Build.0 = Debug|Any CPU
		{7DF91E8F-7B37-4AF1-AAE2-84A5DE506B2A}.Release|Any CPU.ActiveCfg = Release|Any CPU
		{7DF91E8F-7B37-4AF1-AAE2-84A5DE506B2A}.Release|Any CPU.Build.0 = Release|Any CPU
		{C0DC4B9A-BA0F-4D34-AF1B-66F1F5F88BB5}.Debug|Any CPU.ActiveCfg = Debug|Any CPU
		{C0DC4B9A-BA0F-4D34-AF1B-66F1F5F88BB5}.Debug|Any CPU.Build.0 = Debug|Any CPU
		{C0DC4B9A-BA0F-4D34-AF1B-66F1F5F88BB5}.Release|Any CPU.ActiveCfg = Release|Any CPU
		{C0DC4B9A-BA0F-4D34-AF1B-66F1F5F88BB5}.Release|Any CPU.Build.0 = Release|Any CPU
	EndGlobalSection
	GlobalSection(SolutionProperties) = preSolution
		HideSolutionNode = FALSE
	EndGlobalSection
	GlobalSection(ExtensibilityGlobals) = postSolution
		SolutionGuid = {7636F2FF-A727-4772-AD46-56B8EEC4B467}
	EndGlobalSection
EndGlobal
