
Microsoft Visual Studio Solution File, Format Version 12.00
# Visual Studio 15
VisualStudioVersion = 15.0.28010.2046
MinimumVisualStudioVersion = 10.0.40219.1
Project("{2150E333-8FDC-42A3-9474-1A3956D46DE8}") = "01.OOP.experience", "01.OOP.experience", "{0BA4EAFA-E548-4795-946D-2EC4F290B12A}"
EndProject
Project("{FAE04EC0-301F-11D3-BF4B-00C04F79EFBC}") = "MyCalculator", "MyCalculator\MyCalculator.csproj", "{673B7B50-A837-4B7E-95AB-9646213EF5FF}"
EndProject
Project("{FAE04EC0-301F-11D3-BF4B-00C04F79EFBC}") = "MyCalculator.Optimization", "MyCalculator.Optimization\MyCalculator.Optimization.csproj", "{35533D4B-AB75-423B-BC18-41D2906F8ED7}"
EndProject
Project("{2150E333-8FDC-42A3-9474-1A3956D46DE8}") = "01.OOP.Property", "01.OOP.Property", "{FD6FB427-AE4E-49AD-A50A-58BF8652434B}"
EndProject
Project("{FAE04EC0-301F-11D3-BF4B-00C04F79EFBC}") = "xiketang.com.PropertyApp", "xiketang.com.PropertyApp\xiketang.com.PropertyApp.csproj", "{EA7DFF1F-5B1F-4945-A392-3D0FE7693400}"
EndProject
Project("{2150E333-8FDC-42A3-9474-1A3956D46DE8}") = "02.OOP.Method", "02.OOP.Method", "{869EB121-A7E6-40F2-9F7E-9FE337E7F9F7}"
EndProject
Project("{FAE04EC0-301F-11D3-BF4B-00C04F79EFBC}") = "xiketang.com.MethodApp", "xiketang.com.MethodApp\xiketang.com.MethodApp.csproj", "{91A35403-6347-49A0-9908-9762B5133EF1}"
EndProject
Global
	GlobalSection(SolutionConfigurationPlatforms) = preSolution
		Debug|Any CPU = Debug|Any CPU
		Release|Any CPU = Release|Any CPU
	EndGlobalSection
	GlobalSection(ProjectConfigurationPlatforms) = postSolution
		{673B7B50-A837-4B7E-95AB-9646213EF5FF}.Debug|Any CPU.ActiveCfg = Debug|Any CPU
		{673B7B50-A837-4B7E-95AB-9646213EF5FF}.Debug|Any CPU.Build.0 = Debug|Any CPU
		{673B7B50-A837-4B7E-95AB-9646213EF5FF}.Release|Any CPU.ActiveCfg = Release|Any CPU
		{673B7B50-A837-4B7E-95AB-9646213EF5FF}.Release|Any CPU.Build.0 = Release|Any CPU
		{35533D4B-AB75-423B-BC18-41D2906F8ED7}.Debug|Any CPU.ActiveCfg = Debug|Any CPU
		{35533D4B-AB75-423B-BC18-41D2906F8ED7}.Debug|Any CPU.Build.0 = Debug|Any CPU
		{35533D4B-AB75-423B-BC18-41D2906F8ED7}.Release|Any CPU.ActiveCfg = Release|Any CPU
		{35533D4B-AB75-423B-BC18-41D2906F8ED7}.Release|Any CPU.Build.0 = Release|Any CPU
		{EA7DFF1F-5B1F-4945-A392-3D0FE7693400}.Debug|Any CPU.ActiveCfg = Debug|Any CPU
		{EA7DFF1F-5B1F-4945-A392-3D0FE7693400}.Debug|Any CPU.Build.0 = Debug|Any CPU
		{EA7DFF1F-5B1F-4945-A392-3D0FE7693400}.Release|Any CPU.ActiveCfg = Release|Any CPU
		{EA7DFF1F-5B1F-4945-A392-3D0FE7693400}.Release|Any CPU.Build.0 = Release|Any CPU
		{91A35403-6347-49A0-9908-9762B5133EF1}.Debug|Any CPU.ActiveCfg = Debug|Any CPU
		{91A35403-6347-49A0-9908-9762B5133EF1}.Debug|Any CPU.Build.0 = Debug|Any CPU
		{91A35403-6347-49A0-9908-9762B5133EF1}.Release|Any CPU.ActiveCfg = Release|Any CPU
		{91A35403-6347-49A0-9908-9762B5133EF1}.Release|Any CPU.Build.0 = Release|Any CPU
	EndGlobalSection
	GlobalSection(SolutionProperties) = preSolution
		HideSolutionNode = FALSE
	EndGlobalSection
	GlobalSection(NestedProjects) = preSolution
		{673B7B50-A837-4B7E-95AB-9646213EF5FF} = {0BA4EAFA-E548-4795-946D-2EC4F290B12A}
		{35533D4B-AB75-423B-BC18-41D2906F8ED7} = {0BA4EAFA-E548-4795-946D-2EC4F290B12A}
		{EA7DFF1F-5B1F-4945-A392-3D0FE7693400} = {FD6FB427-AE4E-49AD-A50A-58BF8652434B}
		{91A35403-6347-49A0-9908-9762B5133EF1} = {869EB121-A7E6-40F2-9F7E-9FE337E7F9F7}
	EndGlobalSection
	GlobalSection(ExtensibilityGlobals) = postSolution
		SolutionGuid = {B67F2C26-E7B4-4E58-A357-C72BE6E62A8D}
	EndGlobalSection
EndGlobal
