
Microsoft Visual Studio Solution File, Format Version 12.00
# Visual Studio Version 17
VisualStudioVersion = 17.8.34309.116
MinimumVisualStudioVersion = 10.0.40219.1
Project("{FAE04EC0-301F-11D3-BF4B-00C04F79EFBC}") = "08_SunnyUI_Template", "08_SunnyUI_Template\08_SunnyUI_Template.csproj", "{64487B69-8491-4DD1-ABD0-9F30C35EE0A3}"
EndProject
Global
	GlobalSection(SolutionConfigurationPlatforms) = preSolution
		Debug|Any CPU = Debug|Any CPU
		Release|Any CPU = Release|Any CPU
	EndGlobalSection
	GlobalSection(ProjectConfigurationPlatforms) = postSolution
		{64487B69-8491-4DD1-ABD0-9F30C35EE0A3}.Debug|Any CPU.ActiveCfg = Debug|Any CPU
		{64487B69-8491-4DD1-ABD0-9F30C35EE0A3}.Debug|Any CPU.Build.0 = Debug|Any CPU
		{64487B69-8491-4DD1-ABD0-9F30C35EE0A3}.Release|Any CPU.ActiveCfg = Release|Any CPU
		{64487B69-8491-4DD1-ABD0-9F30C35EE0A3}.Release|Any CPU.Build.0 = Release|Any CPU
	EndGlobalSection
	GlobalSection(SolutionProperties) = preSolution
		HideSolutionNode = FALSE
	EndGlobalSection
	GlobalSection(ExtensibilityGlobals) = postSolution
		SolutionGuid = {C13E266A-9567-4463-825A-66E7D23F22C5}
	EndGlobalSection
EndGlobal
