
Microsoft Visual Studio Solution File, Format Version 12.00
# Visual Studio Version 16
VisualStudioVersion = 16.0.30330.147
MinimumVisualStudioVersion = 10.0.40219.1
Project("{FAE04EC0-301F-11D3-BF4B-00C04F79EFBC}") = "MyFirstConsoleApp", "MyFirstConsoleApp\MyFirstConsoleApp.csproj", "{E89AEA2C-E7E0-4E23-BACF-4DFDDF8DCB7C}"
EndProject
Project("{FAE04EC0-301F-11D3-BF4B-00C04F79EFBC}") = "MytestDLL", "MytestDLL\MytestDLL.csproj", "{9B05082F-5D9B-4220-B785-99DF1A5E8877}"
EndProject
Project("{FAE04EC0-301F-11D3-BF4B-00C04F79EFBC}") = "YourTestDLL", "YourTestDLL\YourTestDLL.csproj", "{77C4FFCF-C987-4B26-905D-7EC0CFE75961}"
EndProject
Project("{F184B08F-C81C-45F6-A57F-5ABD9991F28F}") = "VBCal", "VBCal\VBCal.vbproj", "{4C9D8201-1FBB-4CEC-A59D-49FE32C12382}"
EndProject
Global
	GlobalSection(SolutionConfigurationPlatforms) = preSolution
		Debug|Any CPU = Debug|Any CPU
		Release|Any CPU = Release|Any CPU
	EndGlobalSection
	GlobalSection(ProjectConfigurationPlatforms) = postSolution
		{E89AEA2C-E7E0-4E23-BACF-4DFDDF8DCB7C}.Debug|Any CPU.ActiveCfg = Debug|Any CPU
		{E89AEA2C-E7E0-4E23-BACF-4DFDDF8DCB7C}.Debug|Any CPU.Build.0 = Debug|Any CPU
		{E89AEA2C-E7E0-4E23-BACF-4DFDDF8DCB7C}.Release|Any CPU.ActiveCfg = Release|Any CPU
		{E89AEA2C-E7E0-4E23-BACF-4DFDDF8DCB7C}.Release|Any CPU.Build.0 = Release|Any CPU
		{9B05082F-5D9B-4220-B785-99DF1A5E8877}.Debug|Any CPU.ActiveCfg = Debug|Any CPU
		{9B05082F-5D9B-4220-B785-99DF1A5E8877}.Debug|Any CPU.Build.0 = Debug|Any CPU
		{9B05082F-5D9B-4220-B785-99DF1A5E8877}.Release|Any CPU.ActiveCfg = Release|Any CPU
		{9B05082F-5D9B-4220-B785-99DF1A5E8877}.Release|Any CPU.Build.0 = Release|Any CPU
		{77C4FFCF-C987-4B26-905D-7EC0CFE75961}.Debug|Any CPU.ActiveCfg = Debug|Any CPU
		{77C4FFCF-C987-4B26-905D-7EC0CFE75961}.Debug|Any CPU.Build.0 = Debug|Any CPU
		{77C4FFCF-C987-4B26-905D-7EC0CFE75961}.Release|Any CPU.ActiveCfg = Release|Any CPU
		{77C4FFCF-C987-4B26-905D-7EC0CFE75961}.Release|Any CPU.Build.0 = Release|Any CPU
		{4C9D8201-1FBB-4CEC-A59D-49FE32C12382}.Debug|Any CPU.ActiveCfg = Debug|Any CPU
		{4C9D8201-1FBB-4CEC-A59D-49FE32C12382}.Debug|Any CPU.Build.0 = Debug|Any CPU
		{4C9D8201-1FBB-4CEC-A59D-49FE32C12382}.Release|Any CPU.ActiveCfg = Release|Any CPU
		{4C9D8201-1FBB-4CEC-A59D-49FE32C12382}.Release|Any CPU.Build.0 = Release|Any CPU
	EndGlobalSection
	GlobalSection(SolutionProperties) = preSolution
		HideSolutionNode = FALSE
	EndGlobalSection
	GlobalSection(ExtensibilityGlobals) = postSolution
		SolutionGuid = {13C1497D-1065-4ABE-BA8E-FFFCFE8089B6}
	EndGlobalSection
EndGlobal
