
Microsoft Visual Studio Solution File, Format Version 12.00
# Visual Studio Version 17
VisualStudioVersion = 17.7.34024.191
MinimumVisualStudioVersion = 10.0.40219.1
Project("{9A19103F-16F7-4668-BE54-9A1E7A4F7556}") = "13_Delegate_委托", "13_Delegate\13_Delegate_委托.csproj", "{C62E8A92-2542-487E-B844-DC2C1CB3C7BD}"
EndProject
Project("{FAE04EC0-301F-11D3-BF4B-00C04F79EFBC}") = "13_Generic_Delegate_泛型委托", "13_Generic_Delegate_泛型委托\13_Generic_Delegate_泛型委托.csproj", "{3D1982F7-7FEC-4B54-BAFC-77C224235EE7}"
EndProject
Global
	GlobalSection(SolutionConfigurationPlatforms) = preSolution
		Debug|Any CPU = Debug|Any CPU
		Release|Any CPU = Release|Any CPU
	EndGlobalSection
	GlobalSection(ProjectConfigurationPlatforms) = postSolution
		{C62E8A92-2542-487E-B844-DC2C1CB3C7BD}.Debug|Any CPU.ActiveCfg = Debug|Any CPU
		{C62E8A92-2542-487E-B844-DC2C1CB3C7BD}.Debug|Any CPU.Build.0 = Debug|Any CPU
		{C62E8A92-2542-487E-B844-DC2C1CB3C7BD}.Release|Any CPU.ActiveCfg = Release|Any CPU
		{C62E8A92-2542-487E-B844-DC2C1CB3C7BD}.Release|Any CPU.Build.0 = Release|Any CPU
		{3D1982F7-7FEC-4B54-BAFC-77C224235EE7}.Debug|Any CPU.ActiveCfg = Debug|Any CPU
		{3D1982F7-7FEC-4B54-BAFC-77C224235EE7}.Debug|Any CPU.Build.0 = Debug|Any CPU
		{3D1982F7-7FEC-4B54-BAFC-77C224235EE7}.Release|Any CPU.ActiveCfg = Release|Any CPU
		{3D1982F7-7FEC-4B54-BAFC-77C224235EE7}.Release|Any CPU.Build.0 = Release|Any CPU
	EndGlobalSection
	GlobalSection(SolutionProperties) = preSolution
		HideSolutionNode = FALSE
	EndGlobalSection
	GlobalSection(ExtensibilityGlobals) = postSolution
		SolutionGuid = {377D2FB9-EFEC-464C-A2D6-E8B422C00D04}
	EndGlobalSection
EndGlobal
