
Microsoft Visual Studio Solution File, Format Version 12.00
# Visual Studio Version 16
VisualStudioVersion = 16.0.30330.147
MinimumVisualStudioVersion = 10.0.40219.1
Project("{FAE04EC0-301F-11D3-BF4B-00C04F79EFBC}") = "thinger.csharpbase", "thinger.csharpbase\thinger.csharpbase.csproj", "{9BAD9D6F-D4FF-4B2A-B9E6-DC94C4307AE9}"
EndProject
Global
	GlobalSection(SolutionConfigurationPlatforms) = preSolution
		Debug|Any CPU = Debug|Any CPU
		Release|Any CPU = Release|Any CPU
	EndGlobalSection
	GlobalSection(ProjectConfigurationPlatforms) = postSolution
		{9BAD9D6F-D4FF-4B2A-B9E6-DC94C4307AE9}.Debug|Any CPU.ActiveCfg = Debug|Any CPU
		{9BAD9D6F-D4FF-4B2A-B9E6-DC94C4307AE9}.Debug|Any CPU.Build.0 = Debug|Any CPU
		{9BAD9D6F-D4FF-4B2A-B9E6-DC94C4307AE9}.Release|Any CPU.ActiveCfg = Release|Any CPU
		{9BAD9D6F-D4FF-4B2A-B9E6-DC94C4307AE9}.Release|Any CPU.Build.0 = Release|Any CPU
	EndGlobalSection
	GlobalSection(SolutionProperties) = preSolution
		HideSolutionNode = FALSE
	EndGlobalSection
	GlobalSection(ExtensibilityGlobals) = postSolution
		SolutionGuid = {67A1A819-F7FD-4601-B316-5E6770446BDF}
	EndGlobalSection
EndGlobal
