
Microsoft Visual Studio Solution File, Format Version 12.00
# Visual Studio Version 17
VisualStudioVersion = 17.4.33122.133
MinimumVisualStudioVersion = 10.0.40219.1
Project("{FAE04EC0-301F-11D3-BF4B-00C04F79EFBC}") = "iniFileOperation", "iniFileOperation\iniFileOperation.csproj", "{F76149EE-F793-42AF-A598-EF6AE3AE238E}"
EndProject
Global
	GlobalSection(SolutionConfigurationPlatforms) = preSolution
		Debug|Any CPU = Debug|Any CPU
		Release|Any CPU = Release|Any CPU
	EndGlobalSection
	GlobalSection(ProjectConfigurationPlatforms) = postSolution
		{F76149EE-F793-42AF-A598-EF6AE3AE238E}.Debug|Any CPU.ActiveCfg = Debug|Any CPU
		{F76149EE-F793-42AF-A598-EF6AE3AE238E}.Debug|Any CPU.Build.0 = Debug|Any CPU
		{F76149EE-F793-42AF-A598-EF6AE3AE238E}.Release|Any CPU.ActiveCfg = Release|Any CPU
		{F76149EE-F793-42AF-A598-EF6AE3AE238E}.Release|Any CPU.Build.0 = Release|Any CPU
	EndGlobalSection
	GlobalSection(SolutionProperties) = preSolution
		HideSolutionNode = FALSE
	EndGlobalSection
	GlobalSection(ExtensibilityGlobals) = postSolution
		SolutionGuid = {776CCC51-B0B8-4D95-917F-0163A137C022}
	EndGlobalSection
EndGlobal
