
Microsoft Visual Studio Solution File, Format Version 12.00
# Visual Studio Version 17
VisualStudioVersion = 17.7.34031.279
MinimumVisualStudioVersion = 10.0.40219.1
Project("{FAE04EC0-301F-11D3-BF4B-00C04F79EFBC}") = "01_Hello_WPF", "01_Hello_WPF\01_Hello_WPF.csproj", "{DDCA7345-98F7-42D6-BBCC-0980BFB1105B}"
EndProject
Project("{FAE04EC0-301F-11D3-BF4B-00C04F79EFBC}") = "02_WPF_Layout_Control_布局控件", "02_WPF_Layout_Control_布局控件\02_WPF_Layout_Control_布局控件.csproj", "{DC2FB6D6-27C5-4258-85C1-298254BD9012}"
EndProject
Global
	GlobalSection(SolutionConfigurationPlatforms) = preSolution
		Debug|Any CPU = Debug|Any CPU
		Release|Any CPU = Release|Any CPU
	EndGlobalSection
	GlobalSection(ProjectConfigurationPlatforms) = postSolution
		{DDCA7345-98F7-42D6-BBCC-0980BFB1105B}.Debug|Any CPU.ActiveCfg = Debug|Any CPU
		{DDCA7345-98F7-42D6-BBCC-0980BFB1105B}.Debug|Any CPU.Build.0 = Debug|Any CPU
		{DDCA7345-98F7-42D6-BBCC-0980BFB1105B}.Release|Any CPU.ActiveCfg = Release|Any CPU
		{DDCA7345-98F7-42D6-BBCC-0980BFB1105B}.Release|Any CPU.Build.0 = Release|Any CPU
		{DC2FB6D6-27C5-4258-85C1-298254BD9012}.Debug|Any CPU.ActiveCfg = Debug|Any CPU
		{DC2FB6D6-27C5-4258-85C1-298254BD9012}.Debug|Any CPU.Build.0 = Debug|Any CPU
		{DC2FB6D6-27C5-4258-85C1-298254BD9012}.Release|Any CPU.ActiveCfg = Release|Any CPU
		{DC2FB6D6-27C5-4258-85C1-298254BD9012}.Release|Any CPU.Build.0 = Release|Any CPU
	EndGlobalSection
	GlobalSection(SolutionProperties) = preSolution
		HideSolutionNode = FALSE
	EndGlobalSection
	GlobalSection(ExtensibilityGlobals) = postSolution
		SolutionGuid = {E66772A1-64BB-47A6-9568-E4C50D1F36C8}
	EndGlobalSection
EndGlobal
